PODS:
  - CocoaLumberjack/Core (3.0.0)
  - CocoaLumberjack/Default (3.0.0):
    - CocoaLumberjack/Core
  - CocoaLumberjack/Extensions (3.0.0):
    - CocoaLumberjack/Default
  - CocoaLumberjack/Swift (3.0.0):
    - CocoaLumberjack/Extensions
  - Nimble (6.0.1)
  - Quick (1.0.0)
  - SnapKit (3.1.2)
  - Swinject (2.0.0)

DEPENDENCIES:
  - CocoaLumberjack/Swift
  - Nimble (~> 6.0.0)
  - Quick (~> 1.0.0)
  - SnapKit (~> 3.1.2)
  - Swinject (~> 2.0.0)

SPEC CHECKSUMS:
  CocoaLumberjack: c823149bccc5519a9447aeb433be7b1212a7d6a5
  Nimble: 1527fd1bd2b4cf0636251a36bc8ab37e81da8347
  Quick: 8024e4a47e6cc03a9d5245ef0948264fc6d27cff
  SnapKit: 12b24f569cb7c143acc9c22b9d91b23e7b1c84a2
  Swinject: 2e964a80d70ab09b3949c99032711f89147bfd60

PODFILE CHECKSUM: f162ae9a37353e14697f6029e83a5e9e2909df8d

COCOAPODS: 1.1.1
