// !$*UTF8*$!
{
	archiveVersion = 1;
	classes = {
	};
	objectVersion = 46;
	objects = {

/* Begin PBXBuildFile section */
		1C121637CCEA6929F20FC4D2 /* Pods_Metronome.framework in Frameworks */ = {isa = PBXBuildFile; fileRef = 77A3F7C2C869451929EAA326 /* Pods_Metronome.framework */; };
		6582B703D9F5675DD4D96670 /* AppDelegate.swift in Sources */ = {isa = PBXBuildFile; fileRef = 6582B2F51B8FB392B02F8389 /* AppDelegate.swift */; };
		6582B80CEA152D8884D8E4F1 /* MainScreenViewController.swift in Sources */ = {isa = PBXBuildFile; fileRef = 6582B89778D01A51F92F5746 /* MainScreenViewController.swift */; };
		6582BC8983FE3640891F51E0 /* LaunchScreen.storyboard in Resources */ = {isa = PBXBuildFile; fileRef = 6582B621C196B3493B3037FE /* LaunchScreen.storyboard */; };
		6582BF5C926966376B060BF2 /* Assets.xcassets in Resources */ = {isa = PBXBuildFile; fileRef = 6582BD41A7AF9F6433377886 /* Assets.xcassets */; };
		E53754061D036CF0003B297B /* MetronomeTests.swift in Sources */ = {isa = PBXBuildFile; fileRef = E53754051D036CF0003B297B /* MetronomeTests.swift */; };
		E53754111D037E8C003B297B /* MainScreenView.swift in Sources */ = {isa = PBXBuildFile; fileRef = E53754101D037E8C003B297B /* MainScreenView.swift */; };
		F0F9848541D6D58784490794 /* Pods_MetronomeTests.framework in Frameworks */ = {isa = PBXBuildFile; fileRef = DA577A07609FDABD186D0593 /* Pods_MetronomeTests.framework */; };
/* End PBXBuildFile section */

/* Begin PBXContainerItemProxy section */
		E53754021D036CF0003B297B /* PBXContainerItemProxy */ = {
			isa = PBXContainerItemProxy;
			containerPortal = E53753E51D036CEF003B297B /* Project object */;
			proxyType = 1;
			remoteGlobalIDString = E53753EC1D036CF0003B297B;
			remoteInfo = Metronome;
		};
/* End PBXContainerItemProxy section */

/* Begin PBXFileReference section */
		1F1AC7D2C3FB06CAA2E61CD6 /* Pods-MetronomeTests.release.xcconfig */ = {isa = PBXFileReference; includeInIndex = 1; lastKnownFileType = text.xcconfig; name = "Pods-MetronomeTests.release.xcconfig"; path = "Pods/Target Support Files/Pods-MetronomeTests/Pods-MetronomeTests.release.xcconfig"; sourceTree = "<group>"; };
		4CF415F0C84CC6775488DD84 /* Pods-Metronome.release.xcconfig */ = {isa = PBXFileReference; includeInIndex = 1; lastKnownFileType = text.xcconfig; name = "Pods-Metronome.release.xcconfig"; path = "Pods/Target Support Files/Pods-Metronome/Pods-Metronome.release.xcconfig"; sourceTree = "<group>"; };
		4D6D21EEF20D5CBE6936B442 /* Pods-MetronomeTests.debug.xcconfig */ = {isa = PBXFileReference; includeInIndex = 1; lastKnownFileType = text.xcconfig; name = "Pods-MetronomeTests.debug.xcconfig"; path = "Pods/Target Support Files/Pods-MetronomeTests/Pods-MetronomeTests.debug.xcconfig"; sourceTree = "<group>"; };
		6582B0F510CC50092EA901C6 /* Base */ = {isa = PBXFileReference; lastKnownFileType = file.storyboard; name = Base; path = Metronome/Base.lproj/LaunchScreen.storyboard; sourceTree = SOURCE_ROOT; };
		6582B2F51B8FB392B02F8389 /* AppDelegate.swift */ = {isa = PBXFileReference; fileEncoding = 4; lastKnownFileType = sourcecode.swift; path = AppDelegate.swift; sourceTree = "<group>"; };
		6582B89778D01A51F92F5746 /* MainScreenViewController.swift */ = {isa = PBXFileReference; fileEncoding = 4; lastKnownFileType = sourcecode.swift; path = MainScreenViewController.swift; sourceTree = "<group>"; };
		6582BD41A7AF9F6433377886 /* Assets.xcassets */ = {isa = PBXFileReference; lastKnownFileType = folder.assetcatalog; path = Assets.xcassets; sourceTree = "<group>"; };
		65EA75F629BDF32F14D52967 /* Pods-Metronome.debug.xcconfig */ = {isa = PBXFileReference; includeInIndex = 1; lastKnownFileType = text.xcconfig; name = "Pods-Metronome.debug.xcconfig"; path = "Pods/Target Support Files/Pods-Metronome/Pods-Metronome.debug.xcconfig"; sourceTree = "<group>"; };
		77A3F7C2C869451929EAA326 /* Pods_Metronome.framework */ = {isa = PBXFileReference; explicitFileType = wrapper.framework; includeInIndex = 0; path = Pods_Metronome.framework; sourceTree = BUILT_PRODUCTS_DIR; };
		DA577A07609FDABD186D0593 /* Pods_MetronomeTests.framework */ = {isa = PBXFileReference; explicitFileType = wrapper.framework; includeInIndex = 0; path = Pods_MetronomeTests.framework; sourceTree = BUILT_PRODUCTS_DIR; };
		E53753ED1D036CF0003B297B /* Metronome.app */ = {isa = PBXFileReference; explicitFileType = wrapper.application; includeInIndex = 0; path = Metronome.app; sourceTree = BUILT_PRODUCTS_DIR; };
		E53753FC1D036CF0003B297B /* Info.plist */ = {isa = PBXFileReference; lastKnownFileType = text.plist.xml; path = Info.plist; sourceTree = "<group>"; };
		E53754011D036CF0003B297B /* MetronomeTests.xctest */ = {isa = PBXFileReference; explicitFileType = wrapper.cfbundle; includeInIndex = 0; path = MetronomeTests.xctest; sourceTree = BUILT_PRODUCTS_DIR; };
		E53754051D036CF0003B297B /* MetronomeTests.swift */ = {isa = PBXFileReference; lastKnownFileType = sourcecode.swift; path = MetronomeTests.swift; sourceTree = "<group>"; };
		E53754071D036CF0003B297B /* Info.plist */ = {isa = PBXFileReference; lastKnownFileType = text.plist.xml; path = Info.plist; sourceTree = "<group>"; };
		E53754101D037E8C003B297B /* MainScreenView.swift */ = {isa = PBXFileReference; fileEncoding = 4; lastKnownFileType = sourcecode.swift; path = MainScreenView.swift; sourceTree = "<group>"; };
/* End PBXFileReference section */

/* Begin PBXFrameworksBuildPhase section */
		E53753EA1D036CF0003B297B /* Frameworks */ = {
			isa = PBXFrameworksBuildPhase;
			buildActionMask = 2147483647;
			files = (
				1C121637CCEA6929F20FC4D2 /* Pods_Metronome.framework in Frameworks */,
			);
			runOnlyForDeploymentPostprocessing = 0;
		};
		E53753FE1D036CF0003B297B /* Frameworks */ = {
			isa = PBXFrameworksBuildPhase;
			buildActionMask = 2147483647;
			files = (
				F0F9848541D6D58784490794 /* Pods_MetronomeTests.framework in Frameworks */,
			);
			runOnlyForDeploymentPostprocessing = 0;
		};
/* End PBXFrameworksBuildPhase section */

/* Begin PBXGroup section */
		0A73DB82E842D06E7BD43EC2 /* Frameworks */ = {
			isa = PBXGroup;
			children = (
				77A3F7C2C869451929EAA326 /* Pods_Metronome.framework */,
				DA577A07609FDABD186D0593 /* Pods_MetronomeTests.framework */,
			);
			name = Frameworks;
			sourceTree = "<group>";
		};
		5A012AA8A52033BE7931FE11 /* Pods */ = {
			isa = PBXGroup;
			children = (
				65EA75F629BDF32F14D52967 /* Pods-Metronome.debug.xcconfig */,
				4CF415F0C84CC6775488DD84 /* Pods-Metronome.release.xcconfig */,
				4D6D21EEF20D5CBE6936B442 /* Pods-MetronomeTests.debug.xcconfig */,
				1F1AC7D2C3FB06CAA2E61CD6 /* Pods-MetronomeTests.release.xcconfig */,
			);
			name = Pods;
			sourceTree = "<group>";
		};
		6582B017AA47DDA116CDDBC6 /* Engine */ = {
			isa = PBXGroup;
			children = (
				6582B4E40EF4C256A03A705B /* AudioEngine */,
				6582B59EF30FD9F3B11C58CB /* MetronomeEngine */,
			);
			path = Engine;
			sourceTree = "<group>";
		};
		6582B27BD291FE6027C0D471 /* Classes */ = {
			isa = PBXGroup;
			children = (
				6582B7A268AE8BBA0E176A0A /* Screens */,
				6582B017AA47DDA116CDDBC6 /* Engine */,
				6582B2F51B8FB392B02F8389 /* AppDelegate.swift */,
			);
			path = Classes;
			sourceTree = "<group>";
		};
		6582B4E40EF4C256A03A705B /* AudioEngine */ = {
			isa = PBXGroup;
			children = (
			);
			path = AudioEngine;
			sourceTree = "<group>";
		};
		6582B59EF30FD9F3B11C58CB /* MetronomeEngine */ = {
			isa = PBXGroup;
			children = (
			);
			path = MetronomeEngine;
			sourceTree = "<group>";
		};
		6582B7A268AE8BBA0E176A0A /* Screens */ = {
			isa = PBXGroup;
			children = (
				6582BB13E40A18804781DD27 /* MainScreen */,
				6582BC1888109152F966262D /* SettingsScreen */,
				6582BD5AB8F62E7C8011CB9D /* CustomMetrumScreen */,
			);
			path = Screens;
			sourceTree = "<group>";
		};
		6582BB13E40A18804781DD27 /* MainScreen */ = {
			isa = PBXGroup;
			children = (
				6582B89778D01A51F92F5746 /* MainScreenViewController.swift */,
				E53754101D037E8C003B297B /* MainScreenView.swift */,
			);
			path = MainScreen;
			sourceTree = "<group>";
		};
		6582BC1888109152F966262D /* SettingsScreen */ = {
			isa = PBXGroup;
			children = (
			);
			path = SettingsScreen;
			sourceTree = "<group>";
		};
		6582BD5AB8F62E7C8011CB9D /* CustomMetrumScreen */ = {
			isa = PBXGroup;
			children = (
			);
			path = CustomMetrumScreen;
			sourceTree = "<group>";
		};
		6582BE9CF5F31CB213B4154F /* Resources */ = {
			isa = PBXGroup;
			children = (
				6582BD41A7AF9F6433377886 /* Assets.xcassets */,
				6582B621C196B3493B3037FE /* LaunchScreen.storyboard */,
			);
			path = Resources;
			sourceTree = "<group>";
		};
		E53753E41D036CEF003B297B = {
			isa = PBXGroup;
			children = (
				E53753EF1D036CF0003B297B /* Metronome */,
				E53754041D036CF0003B297B /* MetronomeTests */,
				E53753EE1D036CF0003B297B /* Products */,
				5A012AA8A52033BE7931FE11 /* Pods */,
				0A73DB82E842D06E7BD43EC2 /* Frameworks */,
			);
			sourceTree = "<group>";
		};
		E53753EE1D036CF0003B297B /* Products */ = {
			isa = PBXGroup;
			children = (
				E53753ED1D036CF0003B297B /* Metronome.app */,
				E53754011D036CF0003B297B /* MetronomeTests.xctest */,
			);
			name = Products;
			sourceTree = "<group>";
		};
		E53753EF1D036CF0003B297B /* Metronome */ = {
			isa = PBXGroup;
			children = (
				E53753FC1D036CF0003B297B /* Info.plist */,
				6582B27BD291FE6027C0D471 /* Classes */,
				6582BE9CF5F31CB213B4154F /* Resources */,
			);
			path = Metronome;
			sourceTree = "<group>";
		};
		E53754041D036CF0003B297B /* MetronomeTests */ = {
			isa = PBXGroup;
			children = (
				E53754051D036CF0003B297B /* MetronomeTests.swift */,
				E53754071D036CF0003B297B /* Info.plist */,
			);
			path = MetronomeTests;
			sourceTree = "<group>";
		};
/* End PBXGroup section */

/* Begin PBXNativeTarget section */
		E53753EC1D036CF0003B297B /* Metronome */ = {
			isa = PBXNativeTarget;
			buildConfigurationList = E537540A1D036CF0003B297B /* Build configuration list for PBXNativeTarget "Metronome" */;
			buildPhases = (
				ADFEE59B3B90F10922B389C1 /* [CP] Check Pods Manifest.lock */,
				E53753E91D036CF0003B297B /* Sources */,
				E53753EA1D036CF0003B297B /* Frameworks */,
				E53753EB1D036CF0003B297B /* Resources */,
				70F81F4D3ED0855C592FB3DB /* [CP] Embed Pods Frameworks */,
				159AC8049CB59C965D8703C0 /* [CP] Copy Pods Resources */,
			);
			buildRules = (
			);
			dependencies = (
			);
			name = Metronome;
			productName = Metronome;
			productReference = E53753ED1D036CF0003B297B /* Metronome.app */;
			productType = "com.apple.product-type.application";
		};
		E53754001D036CF0003B297B /* MetronomeTests */ = {
			isa = PBXNativeTarget;
			buildConfigurationList = E537540D1D036CF0003B297B /* Build configuration list for PBXNativeTarget "MetronomeTests" */;
			buildPhases = (
				339146CFBDDA8956B641A427 /* [CP] Check Pods Manifest.lock */,
				E53753FD1D036CF0003B297B /* Sources */,
				E53753FE1D036CF0003B297B /* Frameworks */,
				E53753FF1D036CF0003B297B /* Resources */,
				F2EFC8215F033708E9AE12B4 /* [CP] Embed Pods Frameworks */,
				E50994E5966C5BC6C1885554 /* [CP] Copy Pods Resources */,
			);
			buildRules = (
			);
			dependencies = (
				E53754031D036CF0003B297B /* PBXTargetDependency */,
			);
			name = MetronomeTests;
			productName = MetronomeTests;
			productReference = E53754011D036CF0003B297B /* MetronomeTests.xctest */;
			productType = "com.apple.product-type.bundle.unit-test";
		};
/* End PBXNativeTarget section */

/* Begin PBXProject section */
		E53753E51D036CEF003B297B /* Project object */ = {
			isa = PBXProject;
			attributes = {
				LastSwiftUpdateCheck = 0730;
				LastUpgradeCheck = 0730;
				ORGANIZATIONNAME = "Pawel Scibek";
				TargetAttributes = {
					E53753EC1D036CF0003B297B = {
						CreatedOnToolsVersion = 7.3.1;
					};
					E53754001D036CF0003B297B = {
						CreatedOnToolsVersion = 7.3.1;
						TestTargetID = E53753EC1D036CF0003B297B;
					};
				};
			};
			buildConfigurationList = E53753E81D036CEF003B297B /* Build configuration list for PBXProject "Metronome" */;
			compatibilityVersion = "Xcode 3.2";
			developmentRegion = English;
			hasScannedForEncodings = 0;
			knownRegions = (
				en,
				Base,
			);
			mainGroup = E53753E41D036CEF003B297B;
			productRefGroup = E53753EE1D036CF0003B297B /* Products */;
			projectDirPath = "";
			projectRoot = "";
			targets = (
				E53753EC1D036CF0003B297B /* Metronome */,
				E53754001D036CF0003B297B /* MetronomeTests */,
			);
		};
/* End PBXProject section */

/* Begin PBXResourcesBuildPhase section */
		E53753EB1D036CF0003B297B /* Resources */ = {
			isa = PBXResourcesBuildPhase;
			buildActionMask = 2147483647;
			files = (
				6582BF5C926966376B060BF2 /* Assets.xcassets in Resources */,
				6582BC8983FE3640891F51E0 /* LaunchScreen.storyboard in Resources */,
			);
			runOnlyForDeploymentPostprocessing = 0;
		};
		E53753FF1D036CF0003B297B /* Resources */ = {
			isa = PBXResourcesBuildPhase;
			buildActionMask = 2147483647;
			files = (
			);
			runOnlyForDeploymentPostprocessing = 0;
		};
/* End PBXResourcesBuildPhase section */

/* Begin PBXShellScriptBuildPhase section */
		159AC8049CB59C965D8703C0 /* [CP] Copy Pods Resources */ = {
			isa = PBXShellScriptBuildPhase;
			buildActionMask = 2147483647;
			files = (
			);
			inputPaths = (
			);
			name = "[CP] Copy Pods Resources";
			outputPaths = (
			);
			runOnlyForDeploymentPostprocessing = 0;
			shellPath = /bin/sh;
			shellScript = "\"${SRCROOT}/Pods/Target Support Files/Pods-Metronome/Pods-Metronome-resources.sh\"\n";
			showEnvVarsInLog = 0;
		};
		339146CFBDDA8956B641A427 /* [CP] Check Pods Manifest.lock */ = {
			isa = PBXShellScriptBuildPhase;
			buildActionMask = 2147483647;
			files = (
			);
			inputPaths = (
			);
			name = "[CP] Check Pods Manifest.lock";
			outputPaths = (
			);
			runOnlyForDeploymentPostprocessing = 0;
			shellPath = /bin/sh;
			shellScript = "diff \"${PODS_ROOT}/../Podfile.lock\" \"${PODS_ROOT}/Manifest.lock\" > /dev/null\nif [[ $? != 0 ]] ; then\n    cat << EOM\nerror: The sandbox is not in sync with the Podfile.lock. Run 'pod install' or update your CocoaPods installation.\nEOM\n    exit 1\nfi\n";
			showEnvVarsInLog = 0;
		};
		70F81F4D3ED0855C592FB3DB /* [CP] Embed Pods Frameworks */ = {
			isa = PBXShellScriptBuildPhase;
			buildActionMask = 2147483647;
			files = (
			);
			inputPaths = (
			);
			name = "[CP] Embed Pods Frameworks";
			outputPaths = (
			);
			runOnlyForDeploymentPostprocessing = 0;
			shellPath = /bin/sh;
			shellScript = "\"${SRCROOT}/Pods/Target Support Files/Pods-Metronome/Pods-Metronome-frameworks.sh\"\n";
			showEnvVarsInLog = 0;
		};
		ADFEE59B3B90F10922B389C1 /* [CP] Check Pods Manifest.lock */ = {
			isa = PBXShellScriptBuildPhase;
			buildActionMask = 2147483647;
			files = (
			);
			inputPaths = (
			);
			name = "[CP] Check Pods Manifest.lock";
			outputPaths = (
			);
			runOnlyForDeploymentPostprocessing = 0;
			shellPath = /bin/sh;
			shellScript = "diff \"${PODS_ROOT}/../Podfile.lock\" \"${PODS_ROOT}/Manifest.lock\" > /dev/null\nif [[ $? != 0 ]] ; then\n    cat << EOM\nerror: The sandbox is not in sync with the Podfile.lock. Run 'pod install' or update your CocoaPods installation.\nEOM\n    exit 1\nfi\n";
			showEnvVarsInLog = 0;
		};
		E50994E5966C5BC6C1885554 /* [CP] Copy Pods Resources */ = {
			isa = PBXShellScriptBuildPhase;
			buildActionMask = 2147483647;
			files = (
			);
			inputPaths = (
			);
			name = "[CP] Copy Pods Resources";
			outputPaths = (
			);
			runOnlyForDeploymentPostprocessing = 0;
			shellPath = /bin/sh;
			shellScript = "\"${SRCROOT}/Pods/Target Support Files/Pods-MetronomeTests/Pods-MetronomeTests-resources.sh\"\n";
			showEnvVarsInLog = 0;
		};
		F2EFC8215F033708E9AE12B4 /* [CP] Embed Pods Frameworks */ = {
			isa = PBXShellScriptBuildPhase;
			buildActionMask = 2147483647;
			files = (
			);
			inputPaths = (
			);
			name = "[CP] Embed Pods Frameworks";
			outputPaths = (
			);
			runOnlyForDeploymentPostprocessing = 0;
			shellPath = /bin/sh;
			shellScript = "\"${SRCROOT}/Pods/Target Support Files/Pods-MetronomeTests/Pods-MetronomeTests-frameworks.sh\"\n";
			showEnvVarsInLog = 0;
		};
/* End PBXShellScriptBuildPhase section */

/* Begin PBXSourcesBuildPhase section */
		E53753E91D036CF0003B297B /* Sources */ = {
			isa = PBXSourcesBuildPhase;
			buildActionMask = 2147483647;
			files = (
				6582B703D9F5675DD4D96670 /* AppDelegate.swift in Sources */,
				E53754111D037E8C003B297B /* MainScreenView.swift in Sources */,
				6582B80CEA152D8884D8E4F1 /* MainScreenViewController.swift in Sources */,
			);
			runOnlyForDeploymentPostprocessing = 0;
		};
		E53753FD1D036CF0003B297B /* Sources */ = {
			isa = PBXSourcesBuildPhase;
			buildActionMask = 2147483647;
			files = (
				E53754061D036CF0003B297B /* MetronomeTests.swift in Sources */,
			);
			runOnlyForDeploymentPostprocessing = 0;
		};
/* End PBXSourcesBuildPhase section */

/* Begin PBXTargetDependency section */
		E53754031D036CF0003B297B /* PBXTargetDependency */ = {
			isa = PBXTargetDependency;
			target = E53753EC1D036CF0003B297B /* Metronome */;
			targetProxy = E53754021D036CF0003B297B /* PBXContainerItemProxy */;
		};
/* End PBXTargetDependency section */

/* Begin PBXVariantGroup section */
		6582B621C196B3493B3037FE /* LaunchScreen.storyboard */ = {
			isa = PBXVariantGroup;
			children = (
				6582B0F510CC50092EA901C6 /* Base */,
			);
			name = LaunchScreen.storyboard;
			sourceTree = "<group>";
		};
/* End PBXVariantGroup section */

/* Begin XCBuildConfiguration section */
		E53754081D036CF0003B297B /* Debug */ = {
			isa = XCBuildConfiguration;
			buildSettings = {
				ALWAYS_SEARCH_USER_PATHS = NO;
				CLANG_ANALYZER_NONNULL = YES;
				CLANG_CXX_LANGUAGE_STANDARD = "gnu++0x";
				CLANG_CXX_LIBRARY = "libc++";
				CLANG_ENABLE_MODULES = YES;
				CLANG_ENABLE_OBJC_ARC = YES;
				CLANG_WARN_BOOL_CONVERSION = YES;
				CLANG_WARN_CONSTANT_CONVERSION = YES;
				CLANG_WARN_DIRECT_OBJC_ISA_USAGE = YES_ERROR;
				CLANG_WARN_EMPTY_BODY = YES;
				CLANG_WARN_ENUM_CONVERSION = YES;
				CLANG_WARN_INT_CONVERSION = YES;
				CLANG_WARN_OBJC_ROOT_CLASS = YES_ERROR;
				CLANG_WARN_UNREACHABLE_CODE = YES;
				CLANG_WARN__DUPLICATE_METHOD_MATCH = YES;
				"CODE_SIGN_IDENTITY[sdk=iphoneos*]" = "iPhone Developer";
				COPY_PHASE_STRIP = NO;
				DEBUG_INFORMATION_FORMAT = dwarf;
				ENABLE_STRICT_OBJC_MSGSEND = YES;
				ENABLE_TESTABILITY = YES;
				GCC_C_LANGUAGE_STANDARD = gnu99;
				GCC_DYNAMIC_NO_PIC = NO;
				GCC_NO_COMMON_BLOCKS = YES;
				GCC_OPTIMIZATION_LEVEL = 0;
				GCC_PREPROCESSOR_DEFINITIONS = (
					"DEBUG=1",
					"$(inherited)",
				);
				GCC_WARN_64_TO_32_BIT_CONVERSION = YES;
				GCC_WARN_ABOUT_RETURN_TYPE = YES_ERROR;
				GCC_WARN_UNDECLARED_SELECTOR = YES;
				GCC_WARN_UNINITIALIZED_AUTOS = YES_AGGRESSIVE;
				GCC_WARN_UNUSED_FUNCTION = YES;
				GCC_WARN_UNUSED_VARIABLE = YES;
				IPHONEOS_DEPLOYMENT_TARGET = 9.3;
				MTL_ENABLE_DEBUG_INFO = YES;
				ONLY_ACTIVE_ARCH = YES;
				SDKROOT = iphoneos;
				SWIFT_OPTIMIZATION_LEVEL = "-Onone";
			};
			name = Debug;
		};
		E53754091D036CF0003B297B /* Release */ = {
			isa = XCBuildConfiguration;
			buildSettings = {
				ALWAYS_SEARCH_USER_PATHS = NO;
				CLANG_ANALYZER_NONNULL = YES;
				CLANG_CXX_LANGUAGE_STANDARD = "gnu++0x";
				CLANG_CXX_LIBRARY = "libc++";
				CLANG_ENABLE_MODULES = YES;
				CLANG_ENABLE_OBJC_ARC = YES;
				CLANG_WARN_BOOL_CONVERSION = YES;
				CLANG_WARN_CONSTANT_CONVERSION = YES;
				CLANG_WARN_DIRECT_OBJC_ISA_USAGE = YES_ERROR;
				CLANG_WARN_EMPTY_BODY = YES;
				CLANG_WARN_ENUM_CONVERSION = YES;
				CLANG_WARN_INT_CONVERSION = YES;
				CLANG_WARN_OBJC_ROOT_CLASS = YES_ERROR;
				CLANG_WARN_UNREACHABLE_CODE = YES;
				CLANG_WARN__DUPLICATE_METHOD_MATCH = YES;
				"CODE_SIGN_IDENTITY[sdk=iphoneos*]" = "iPhone Developer";
				COPY_PHASE_STRIP = NO;
				DEBUG_INFORMATION_FORMAT = "dwarf-with-dsym";
				ENABLE_NS_ASSERTIONS = NO;
				ENABLE_STRICT_OBJC_MSGSEND = YES;
				GCC_C_LANGUAGE_STANDARD = gnu99;
				GCC_NO_COMMON_BLOCKS = YES;
				GCC_WARN_64_TO_32_BIT_CONVERSION = YES;
				GCC_WARN_ABOUT_RETURN_TYPE = YES_ERROR;
				GCC_WARN_UNDECLARED_SELECTOR = YES;
				GCC_WARN_UNINITIALIZED_AUTOS = YES_AGGRESSIVE;
				GCC_WARN_UNUSED_FUNCTION = YES;
				GCC_WARN_UNUSED_VARIABLE = YES;
				IPHONEOS_DEPLOYMENT_TARGET = 9.3;
				MTL_ENABLE_DEBUG_INFO = NO;
				SDKROOT = iphoneos;
				VALIDATE_PRODUCT = YES;
			};
			name = Release;
		};
		E537540B1D036CF0003B297B /* Debug */ = {
			isa = XCBuildConfiguration;
			baseConfigurationReference = 65EA75F629BDF32F14D52967 /* Pods-Metronome.debug.xcconfig */;
			buildSettings = {
				ASSETCATALOG_COMPILER_APPICON_NAME = AppIcon;
				INFOPLIST_FILE = Metronome/Info.plist;
				LD_RUNPATH_SEARCH_PATHS = "$(inherited) @executable_path/Frameworks";
				PRODUCT_BUNDLE_IDENTIFIER = pl.scibek.Metronome;
				PRODUCT_NAME = "$(TARGET_NAME)";
			};
			name = Debug;
		};
		E537540C1D036CF0003B297B /* Release */ = {
			isa = XCBuildConfiguration;
			baseConfigurationReference = 4CF415F0C84CC6775488DD84 /* Pods-Metronome.release.xcconfig */;
			buildSettings = {
				ASSETCATALOG_COMPILER_APPICON_NAME = AppIcon;
				INFOPLIST_FILE = Metronome/Info.plist;
				LD_RUNPATH_SEARCH_PATHS = "$(inherited) @executable_path/Frameworks";
				PRODUCT_BUNDLE_IDENTIFIER = pl.scibek.Metronome;
				PRODUCT_NAME = "$(TARGET_NAME)";
			};
			name = Release;
		};
		E537540E1D036CF0003B297B /* Debug */ = {
			isa = XCBuildConfiguration;
			baseConfigurationReference = 4D6D21EEF20D5CBE6936B442 /* Pods-MetronomeTests.debug.xcconfig */;
			buildSettings = {
				BUNDLE_LOADER = "$(TEST_HOST)";
				INFOPLIST_FILE = MetronomeTests/Info.plist;
				LD_RUNPATH_SEARCH_PATHS = "$(inherited) @executable_path/Frameworks @loader_path/Frameworks";
				PRODUCT_BUNDLE_IDENTIFIER = pl.scibek.MetronomeTests;
				PRODUCT_NAME = "$(TARGET_NAME)";
				TEST_HOST = "$(BUILT_PRODUCTS_DIR)/Metronome.app/Metronome";
			};
			name = Debug;
		};
		E537540F1D036CF0003B297B /* Release */ = {
			isa = XCBuildConfiguration;
			baseConfigurationReference = 1F1AC7D2C3FB06CAA2E61CD6 /* Pods-MetronomeTests.release.xcconfig */;
			buildSettings = {
				BUNDLE_LOADER = "$(TEST_HOST)";
				INFOPLIST_FILE = MetronomeTests/Info.plist;
				LD_RUNPATH_SEARCH_PATHS = "$(inherited) @executable_path/Frameworks @loader_path/Frameworks";
				PRODUCT_BUNDLE_IDENTIFIER = pl.scibek.MetronomeTests;
				PRODUCT_NAME = "$(TARGET_NAME)";
				TEST_HOST = "$(BUILT_PRODUCTS_DIR)/Metronome.app/Metronome";
			};
			name = Release;
		};
/* End XCBuildConfiguration section */

/* Begin XCConfigurationList section */
		E53753E81D036CEF003B297B /* Build configuration list for PBXProject "Metronome" */ = {
			isa = XCConfigurationList;
			buildConfigurations = (
				E53754081D036CF0003B297B /* Debug */,
				E53754091D036CF0003B297B /* Release */,
			);
			defaultConfigurationIsVisible = 0;
			defaultConfigurationName = Release;
		};
		E537540A1D036CF0003B297B /* Build configuration list for PBXNativeTarget "Metronome" */ = {
			isa = XCConfigurationList;
			buildConfigurations = (
				E537540B1D036CF0003B297B /* Debug */,
				E537540C1D036CF0003B297B /* Release */,
			);
			defaultConfigurationIsVisible = 0;
			defaultConfigurationName = Release;
		};
		E537540D1D036CF0003B297B /* Build configuration list for PBXNativeTarget "MetronomeTests" */ = {
			isa = XCConfigurationList;
			buildConfigurations = (
				E537540E1D036CF0003B297B /* Debug */,
				E537540F1D036CF0003B297B /* Release */,
			);
			defaultConfigurationIsVisible = 0;
			defaultConfigurationName = Release;
		};
/* End XCConfigurationList section */
	};
	rootObject = E53753E51D036CEF003B297B /* Project object */;
}
